
Microsoft Visual Studio Solution File, Format Version 12.00
# Visual Studio Version 16
VisualStudioVersion = 16.0.30611.23
MinimumVisualStudioVersion = 10.0.40219.1
Project("{2150E333-8FDC-42A3-9474-1A3956D46DE8}") = "Applications", "Applications", "{07FD23D1-1C91-4C8D-939D-DBE984FBB9BA}"
EndProject
Project("{2150E333-8FDC-42A3-9474-1A3956D46DE8}") = "Components", "Components", "{1C1538F6-7856-42F1-A395-57B4A80A685A}"
EndProject
Project("{2150E333-8FDC-42A3-9474-1A3956D46DE8}") = "UnitTests", "UnitTests", "{9B5F9008-01D4-4750-9876-CF1C5797E095}"
EndProject
Project("{2150E333-8FDC-42A3-9474-1A3956D46DE8}") = "Common", "Common", "{50A45F78-7E4B-4CC1-85C3-8D6FDA0C4FBF}"
EndProject
Project("{2150E333-8FDC-42A3-9474-1A3956D46DE8}") = "Client", "Client", "{144ED6AB-0297-493E-82F5-E7937785DAB9}"
EndProject
Project("{2150E333-8FDC-42A3-9474-1A3956D46DE8}") = "Server", "Server", "{53E4200C-8940-4CF8-BECF-9BCCCA946CA8}"
EndProject
Project("{2150E333-8FDC-42A3-9474-1A3956D46DE8}") = "Components", "Components", "{99677514-D778-49E1-A6FF-17CB0EBE8DD4}"
EndProject
Project("{2150E333-8FDC-42A3-9474-1A3956D46DE8}") = "Applications", "Applications", "{C72584AE-79E0-4E37-9A44-C22C632A9ACB}"
EndProject
Project("{2150E333-8FDC-42A3-9474-1A3956D46DE8}") = "UnitTests", "UnitTests", "{1966DE72-6831-415C-BF8F-5A31CFAE0396}"
EndProject
Project("{FAE04EC0-301F-11D3-BF4B-00C04F79EFBC}") = "WpfPopup", "Client\Applications\WpfPopup\WpfPopup.csproj", "{7C7064B2-4CDF-40FE-A0E4-C26B8BC8E3A8}"
EndProject
Project("{FAE04EC0-301F-11D3-BF4B-00C04F79EFBC}") = "DataAccess", "Server\Components\DataAccess\DataAccess.csproj", "{261E6532-0D0A-46D7-8223-94AD6D654B5A}"
EndProject
Project("{FAE04EC0-301F-11D3-BF4B-00C04F79EFBC}") = "DataAccessTests", "Server\UnitTests\DataAccessTests\DataAccessTests.csproj", "{021AAEA4-1D42-4C91-B431-7402B999106B}"
EndProject
Project("{FAE04EC0-301F-11D3-BF4B-00C04F79EFBC}") = "PresentationLogic", "Client\Components\PresentationLogic\PresentationLogic.csproj", "{49FE4B3C-D5D6-442F-82E9-ACF11F48FD24}"
EndProject
Project("{FAE04EC0-301F-11D3-BF4B-00C04F79EFBC}") = "Utils", "Common\Utils\Utils.csproj", "{CA9B7F8F-3A9F-4B88-9F2D-4316F8E75F18}"
EndProject
Project("{FAE04EC0-301F-11D3-BF4B-00C04F79EFBC}") = "Model", "Server\Components\Model\Model.csproj", "{7F0695FE-4843-48B4-BC8B-785179ACB79D}"
EndProject
Project("{FAE04EC0-301F-11D3-BF4B-00C04F79EFBC}") = "Configuration", "Server\Components\Configuration\Configuration.csproj", "{9DAB69C5-AB20-46E0-96DD-9D190D829BB8}"
EndProject
Project("{FAE04EC0-301F-11D3-BF4B-00C04F79EFBC}") = "DataAccessBase", "Server\Components\DataAccessBase\DataAccessBase.csproj", "{AAEABDCE-4585-4D4F-97B6-CF4AA1590AEB}"
EndProject
Project("{FAE04EC0-301F-11D3-BF4B-00C04F79EFBC}") = "PopupService", "Server\Applications\PopupService\PopupService.csproj", "{936FCD76-66F8-44D4-9212-514837AC1645}"
EndProject
Project("{FAE04EC0-301F-11D3-BF4B-00C04F79EFBC}") = "PopupConsole", "Server\Applications\PopupConsole\PopupConsole.csproj", "{E99649A9-0958-4A01-A795-F93F06232788}"
EndProject
Project("{FAE04EC0-301F-11D3-BF4B-00C04F79EFBC}") = "ServerBase", "Server\Components\ServerBase\ServerBase.csproj", "{3AA514D6-AACE-4D92-9FFE-CACB77395039}"
EndProject
Project("{FAE04EC0-301F-11D3-BF4B-00C04F79EFBC}") = "DataAccessTestsBase", "Server\UnitTests\DataAccessTestsBase\DataAccessTestsBase.csproj", "{8C1ECDB3-5D13-4D22-ACF2-25B11E682977}"
EndProject
Project("{FAE04EC0-301F-11D3-BF4B-00C04F79EFBC}") = "UnitTestsBase", "Server\UnitTests\UnitTestsBase\UnitTestsBase.csproj", "{6697D419-1230-41FB-B99A-3924655F12C0}"
EndProject
Global
	GlobalSection(SolutionConfigurationPlatforms) = preSolution
		Debug|Any CPU = Debug|Any CPU
		Release|Any CPU = Release|Any CPU
	EndGlobalSection
	GlobalSection(ProjectConfigurationPlatforms) = postSolution
		{7C7064B2-4CDF-40FE-A0E4-C26B8BC8E3A8}.Debug|Any CPU.ActiveCfg = Debug|Any CPU
		{7C7064B2-4CDF-40FE-A0E4-C26B8BC8E3A8}.Debug|Any CPU.Build.0 = Debug|Any CPU
		{7C7064B2-4CDF-40FE-A0E4-C26B8BC8E3A8}.Release|Any CPU.ActiveCfg = Release|Any CPU
		{7C7064B2-4CDF-40FE-A0E4-C26B8BC8E3A8}.Release|Any CPU.Build.0 = Release|Any CPU
		{261E6532-0D0A-46D7-8223-94AD6D654B5A}.Debug|Any CPU.ActiveCfg = Debug|Any CPU
		{261E6532-0D0A-46D7-8223-94AD6D654B5A}.Debug|Any CPU.Build.0 = Debug|Any CPU
		{261E6532-0D0A-46D7-8223-94AD6D654B5A}.Release|Any CPU.ActiveCfg = Release|Any CPU
		{261E6532-0D0A-46D7-8223-94AD6D654B5A}.Release|Any CPU.Build.0 = Release|Any CPU
		{021AAEA4-1D42-4C91-B431-7402B999106B}.Debug|Any CPU.ActiveCfg = Debug|Any CPU
		{021AAEA4-1D42-4C91-B431-7402B999106B}.Debug|Any CPU.Build.0 = Debug|Any CPU
		{021AAEA4-1D42-4C91-B431-7402B999106B}.Release|Any CPU.ActiveCfg = Release|Any CPU
		{021AAEA4-1D42-4C91-B431-7402B999106B}.Release|Any CPU.Build.0 = Release|Any CPU
		{49FE4B3C-D5D6-442F-82E9-ACF11F48FD24}.Debug|Any CPU.ActiveCfg = Debug|Any CPU
		{49FE4B3C-D5D6-442F-82E9-ACF11F48FD24}.Debug|Any CPU.Build.0 = Debug|Any CPU
		{49FE4B3C-D5D6-442F-82E9-ACF11F48FD24}.Release|Any CPU.ActiveCfg = Release|Any CPU
		{49FE4B3C-D5D6-442F-82E9-ACF11F48FD24}.Release|Any CPU.Build.0 = Release|Any CPU
		{CA9B7F8F-3A9F-4B88-9F2D-4316F8E75F18}.Debug|Any CPU.ActiveCfg = Debug|Any CPU
		{CA9B7F8F-3A9F-4B88-9F2D-4316F8E75F18}.Debug|Any CPU.Build.0 = Debug|Any CPU
		{CA9B7F8F-3A9F-4B88-9F2D-4316F8E75F18}.Release|Any CPU.ActiveCfg = Release|Any CPU
		{CA9B7F8F-3A9F-4B88-9F2D-4316F8E75F18}.Release|Any CPU.Build.0 = Release|Any CPU
		{7F0695FE-4843-48B4-BC8B-785179ACB79D}.Debug|Any CPU.ActiveCfg = Debug|Any CPU
		{7F0695FE-4843-48B4-BC8B-785179ACB79D}.Debug|Any CPU.Build.0 = Debug|Any CPU
		{7F0695FE-4843-48B4-BC8B-785179ACB79D}.Release|Any CPU.ActiveCfg = Release|Any CPU
		{7F0695FE-4843-48B4-BC8B-785179ACB79D}.Release|Any CPU.Build.0 = Release|Any CPU
		{9DAB69C5-AB20-46E0-96DD-9D190D829BB8}.Debug|Any CPU.ActiveCfg = Debug|Any CPU
		{9DAB69C5-AB20-46E0-96DD-9D190D829BB8}.Debug|Any CPU.Build.0 = Debug|Any CPU
		{9DAB69C5-AB20-46E0-96DD-9D190D829BB8}.Release|Any CPU.ActiveCfg = Release|Any CPU
		{9DAB69C5-AB20-46E0-96DD-9D190D829BB8}.Release|Any CPU.Build.0 = Release|Any CPU
		{AAEABDCE-4585-4D4F-97B6-CF4AA1590AEB}.Debug|Any CPU.ActiveCfg = Debug|Any CPU
		{AAEABDCE-4585-4D4F-97B6-CF4AA1590AEB}.Debug|Any CPU.Build.0 = Debug|Any CPU
		{AAEABDCE-4585-4D4F-97B6-CF4AA1590AEB}.Release|Any CPU.ActiveCfg = Release|Any CPU
		{AAEABDCE-4585-4D4F-97B6-CF4AA1590AEB}.Release|Any CPU.Build.0 = Release|Any CPU
		{936FCD76-66F8-44D4-9212-514837AC1645}.Debug|Any CPU.ActiveCfg = Debug|Any CPU
		{936FCD76-66F8-44D4-9212-514837AC1645}.Debug|Any CPU.Build.0 = Debug|Any CPU
		{936FCD76-66F8-44D4-9212-514837AC1645}.Release|Any CPU.ActiveCfg = Release|Any CPU
		{936FCD76-66F8-44D4-9212-514837AC1645}.Release|Any CPU.Build.0 = Release|Any CPU
		{E99649A9-0958-4A01-A795-F93F06232788}.Debug|Any CPU.ActiveCfg = Debug|Any CPU
		{E99649A9-0958-4A01-A795-F93F06232788}.Debug|Any CPU.Build.0 = Debug|Any CPU
		{E99649A9-0958-4A01-A795-F93F06232788}.Release|Any CPU.ActiveCfg = Release|Any CPU
		{E99649A9-0958-4A01-A795-F93F06232788}.Release|Any CPU.Build.0 = Release|Any CPU
		{3AA514D6-AACE-4D92-9FFE-CACB77395039}.Debug|Any CPU.ActiveCfg = Debug|Any CPU
		{3AA514D6-AACE-4D92-9FFE-CACB77395039}.Debug|Any CPU.Build.0 = Debug|Any CPU
		{3AA514D6-AACE-4D92-9FFE-CACB77395039}.Release|Any CPU.ActiveCfg = Release|Any CPU
		{3AA514D6-AACE-4D92-9FFE-CACB77395039}.Release|Any CPU.Build.0 = Release|Any CPU
		{8C1ECDB3-5D13-4D22-ACF2-25B11E682977}.Debug|Any CPU.ActiveCfg = Debug|Any CPU
		{8C1ECDB3-5D13-4D22-ACF2-25B11E682977}.Debug|Any CPU.Build.0 = Debug|Any CPU
		{8C1ECDB3-5D13-4D22-ACF2-25B11E682977}.Release|Any CPU.ActiveCfg = Release|Any CPU
		{8C1ECDB3-5D13-4D22-ACF2-25B11E682977}.Release|Any CPU.Build.0 = Release|Any CPU
		{6697D419-1230-41FB-B99A-3924655F12C0}.Debug|Any CPU.ActiveCfg = Debug|Any CPU
		{6697D419-1230-41FB-B99A-3924655F12C0}.Debug|Any CPU.Build.0 = Debug|Any CPU
		{6697D419-1230-41FB-B99A-3924655F12C0}.Release|Any CPU.ActiveCfg = Release|Any CPU
		{6697D419-1230-41FB-B99A-3924655F12C0}.Release|Any CPU.Build.0 = Release|Any CPU
	EndGlobalSection
	GlobalSection(SolutionProperties) = preSolution
		HideSolutionNode = FALSE
	EndGlobalSection
	GlobalSection(NestedProjects) = preSolution
		{07FD23D1-1C91-4C8D-939D-DBE984FBB9BA} = {144ED6AB-0297-493E-82F5-E7937785DAB9}
		{1C1538F6-7856-42F1-A395-57B4A80A685A} = {53E4200C-8940-4CF8-BECF-9BCCCA946CA8}
		{9B5F9008-01D4-4750-9876-CF1C5797E095} = {53E4200C-8940-4CF8-BECF-9BCCCA946CA8}
		{99677514-D778-49E1-A6FF-17CB0EBE8DD4} = {144ED6AB-0297-493E-82F5-E7937785DAB9}
		{C72584AE-79E0-4E37-9A44-C22C632A9ACB} = {53E4200C-8940-4CF8-BECF-9BCCCA946CA8}
		{1966DE72-6831-415C-BF8F-5A31CFAE0396} = {144ED6AB-0297-493E-82F5-E7937785DAB9}
		{7C7064B2-4CDF-40FE-A0E4-C26B8BC8E3A8} = {07FD23D1-1C91-4C8D-939D-DBE984FBB9BA}
		{261E6532-0D0A-46D7-8223-94AD6D654B5A} = {1C1538F6-7856-42F1-A395-57B4A80A685A}
		{021AAEA4-1D42-4C91-B431-7402B999106B} = {9B5F9008-01D4-4750-9876-CF1C5797E095}
		{49FE4B3C-D5D6-442F-82E9-ACF11F48FD24} = {99677514-D778-49E1-A6FF-17CB0EBE8DD4}
		{CA9B7F8F-3A9F-4B88-9F2D-4316F8E75F18} = {50A45F78-7E4B-4CC1-85C3-8D6FDA0C4FBF}
		{7F0695FE-4843-48B4-BC8B-785179ACB79D} = {1C1538F6-7856-42F1-A395-57B4A80A685A}
		{9DAB69C5-AB20-46E0-96DD-9D190D829BB8} = {1C1538F6-7856-42F1-A395-57B4A80A685A}
		{AAEABDCE-4585-4D4F-97B6-CF4AA1590AEB} = {1C1538F6-7856-42F1-A395-57B4A80A685A}
		{936FCD76-66F8-44D4-9212-514837AC1645} = {C72584AE-79E0-4E37-9A44-C22C632A9ACB}
		{E99649A9-0958-4A01-A795-F93F06232788} = {C72584AE-79E0-4E37-9A44-C22C632A9ACB}
		{3AA514D6-AACE-4D92-9FFE-CACB77395039} = {1C1538F6-7856-42F1-A395-57B4A80A685A}
		{8C1ECDB3-5D13-4D22-ACF2-25B11E682977} = {9B5F9008-01D4-4750-9876-CF1C5797E095}
		{6697D419-1230-41FB-B99A-3924655F12C0} = {9B5F9008-01D4-4750-9876-CF1C5797E095}
	EndGlobalSection
	GlobalSection(ExtensibilityGlobals) = postSolution
		SolutionGuid = {CE1D66DA-CA70-48BD-88B4-938B79C3BD93}
	EndGlobalSection
EndGlobal
